
Microsoft Visual Studio Solution File, Format Version 12.00
# Visual Studio 15
Project("{FAE04EC0-301F-11D3-BF4B-00C04F79EFBC}") = "Assembly-CSharp", "Assembly-CSharp.csproj", "{06EE04D2-0A31-3E88-3AFD-4E2AE7705008}"
EndProject
Project("{FAE04EC0-301F-11D3-BF4B-00C04F79EFBC}") = "Assembly-CSharp-Editor", "Assembly-CSharp-Editor.csproj", "{79E681C0-37B1-DD44-D952-310927E58EA3}"
EndProject
Global
	GlobalSection(SolutionConfigurationPlatforms) = preSolution
		Debug|Any CPU = Debug|Any CPU
		Release|Any CPU = Release|Any CPU
	EndGlobalSection
	GlobalSection(ProjectConfigurationPlatforms) = postSolution
		{06EE04D2-0A31-3E88-3AFD-4E2AE7705008}.Debug|Any CPU.ActiveCfg = Debug|Any CPU
		{06EE04D2-0A31-3E88-3AFD-4E2AE7705008}.Debug|Any CPU.Build.0 = Debug|Any CPU
		{06EE04D2-0A31-3E88-3AFD-4E2AE7705008}.Release|Any CPU.ActiveCfg = Release|Any CPU
		{06EE04D2-0A31-3E88-3AFD-4E2AE7705008}.Release|Any CPU.Build.0 = Release|Any CPU
		{79E681C0-37B1-DD44-D952-310927E58EA3}.Debug|Any CPU.ActiveCfg = Debug|Any CPU
		{79E681C0-37B1-DD44-D952-310927E58EA3}.Debug|Any CPU.Build.0 = Debug|Any CPU
		{79E681C0-37B1-DD44-D952-310927E58EA3}.Release|Any CPU.ActiveCfg = Release|Any CPU
		{79E681C0-37B1-DD44-D952-310927E58EA3}.Release|Any CPU.Build.0 = Release|Any CPU
	EndGlobalSection
	GlobalSection(SolutionProperties) = preSolution
		HideSolutionNode = FALSE
	EndGlobalSection
EndGlobal
